
Microsoft Visual Studio Solution File, Format Version 12.00
# Visual Studio Version 17
VisualStudioVersion = 17.6.33801.468
MinimumVisualStudioVersion = 10.0.40219.1
Project("{9A19103F-16F7-4668-BE54-9A1E7A4F7556}") = "Screen.SchedulerFunctionProj", "Screen.SchedulerFunctionProj\Screen.SchedulerFunctionProj.csproj", "{994248C7-6976-4CE5-BC90-ACE36BB9E841}"
EndProject
Project("{2150E333-8FDC-42A3-9474-1A3956D46DE8}") = "Solutions", "Solutions", "{3AF6B33C-6936-4CEF-8938-9B2698A10ADD}"
EndProject
Project("{2150E333-8FDC-42A3-9474-1A3956D46DE8}") = "Workflow", "Workflow", "{BA0D981D-EF16-48A5-A038-BCA021BDC9B4}"
	ProjectSection(SolutionItems) = preProject
		..\.github\workflows\main_screen4schedulerfunction2.yml = ..\.github\workflows\main_screen4schedulerfunction2.yml
		..\.github\workflows\main_screen4schedulerfunction.yml.old = ..\.github\workflows\main_screen4schedulerfunction.yml.old
	EndProjectSection
EndProject
Global
	GlobalSection(SolutionConfigurationPlatforms) = preSolution
		Debug|Any CPU = Debug|Any CPU
		Release|Any CPU = Release|Any CPU
	EndGlobalSection
	GlobalSection(ProjectConfigurationPlatforms) = postSolution
		{994248C7-6976-4CE5-BC90-ACE36BB9E841}.Debug|Any CPU.ActiveCfg = Debug|Any CPU
		{994248C7-6976-4CE5-BC90-ACE36BB9E841}.Debug|Any CPU.Build.0 = Debug|Any CPU
		{994248C7-6976-4CE5-BC90-ACE36BB9E841}.Release|Any CPU.ActiveCfg = Release|Any CPU
		{994248C7-6976-4CE5-BC90-ACE36BB9E841}.Release|Any CPU.Build.0 = Release|Any CPU
	EndGlobalSection
	GlobalSection(SolutionProperties) = preSolution
		HideSolutionNode = FALSE
	EndGlobalSection
	GlobalSection(NestedProjects) = preSolution
		{BA0D981D-EF16-48A5-A038-BCA021BDC9B4} = {3AF6B33C-6936-4CEF-8938-9B2698A10ADD}
	EndGlobalSection
	GlobalSection(ExtensibilityGlobals) = postSolution
		SolutionGuid = {CD63FF16-83A7-45C1-8236-F2DCC15C1C1B}
	EndGlobalSection
EndGlobal
